
Microsoft Visual Studio Solution File, Format Version 12.00
# Visual Studio Version 17
VisualStudioVersion = 17.0.31903.59
MinimumVisualStudioVersion = 10.0.40219.1
Project("{FAE04EC0-301F-11D3-BF4B-00C04F79EFBC}") = "FooBooLooGameAPI", "FooBooLooGameAPI\FooBooLooGameAPI.csproj", "{2E8ABDF6-4752-483E-96F4-BBCBC57595BA}"
EndProject
Project("{FAE04EC0-301F-11D3-BF4B-00C04F79EFBC}") = "FooBooLooGameAPI.Tests", "FooBooLooGameAPI.Tests\FooBooLooGameAPI.Tests.csproj", "{67D8CB80-76D2-41AD-B4F2-C70942EA5201}"
EndProject
Global
	GlobalSection(SolutionConfigurationPlatforms) = preSolution
		Debug|Any CPU = Debug|Any CPU
		Release|Any CPU = Release|Any CPU
	EndGlobalSection
	GlobalSection(SolutionProperties) = preSolution
		HideSolutionNode = FALSE
	EndGlobalSection
	GlobalSection(ProjectConfigurationPlatforms) = postSolution
		{2E8ABDF6-4752-483E-96F4-BBCBC57595BA}.Debug|Any CPU.ActiveCfg = Debug|Any CPU
		{2E8ABDF6-4752-483E-96F4-BBCBC57595BA}.Debug|Any CPU.Build.0 = Debug|Any CPU
		{2E8ABDF6-4752-483E-96F4-BBCBC57595BA}.Release|Any CPU.ActiveCfg = Release|Any CPU
		{2E8ABDF6-4752-483E-96F4-BBCBC57595BA}.Release|Any CPU.Build.0 = Release|Any CPU
		{67D8CB80-76D2-41AD-B4F2-C70942EA5201}.Debug|Any CPU.ActiveCfg = Debug|Any CPU
		{67D8CB80-76D2-41AD-B4F2-C70942EA5201}.Debug|Any CPU.Build.0 = Debug|Any CPU
		{67D8CB80-76D2-41AD-B4F2-C70942EA5201}.Release|Any CPU.ActiveCfg = Release|Any CPU
		{67D8CB80-76D2-41AD-B4F2-C70942EA5201}.Release|Any CPU.Build.0 = Release|Any CPU
	EndGlobalSection
EndGlobal
